
Microsoft Visual Studio Solution File, Format Version 12.00
# Visual Studio Version 16
VisualStudioVersion = 16.0.32228.343
MinimumVisualStudioVersion = 10.0.40219.1
Project("{9A19103F-16F7-4668-BE54-9A1E7A4F7556}") = "MVC Assignment", "MVC Assignment\MVC Assignment.csproj", "{065428E8-BC0E-4A01-807E-4CBA0775BFBC}"
EndProject
Global
	GlobalSection(SolutionConfigurationPlatforms) = preSolution
		Debug|Any CPU = Debug|Any CPU
		Release|Any CPU = Release|Any CPU
	EndGlobalSection
	GlobalSection(ProjectConfigurationPlatforms) = postSolution
		{065428E8-BC0E-4A01-807E-4CBA0775BFBC}.Debug|Any CPU.ActiveCfg = Debug|Any CPU
		{065428E8-BC0E-4A01-807E-4CBA0775BFBC}.Debug|Any CPU.Build.0 = Debug|Any CPU
		{065428E8-BC0E-4A01-807E-4CBA0775BFBC}.Release|Any CPU.ActiveCfg = Release|Any CPU
		{065428E8-BC0E-4A01-807E-4CBA0775BFBC}.Release|Any CPU.Build.0 = Release|Any CPU
	EndGlobalSection
	GlobalSection(SolutionProperties) = preSolution
		HideSolutionNode = FALSE
	EndGlobalSection
	GlobalSection(ExtensibilityGlobals) = postSolution
		SolutionGuid = {BE7202EE-DCFB-4115-85DC-96B2B9859144}
	EndGlobalSection
EndGlobal
